
Microsoft Visual Studio Solution File, Format Version 12.00
# Visual Studio 15
VisualStudioVersion = 15.0.27703.2018
MinimumVisualStudioVersion = 10.0.40219.1
Project("{FAE04EC0-301F-11D3-BF4B-00C04F79EFBC}") = "cartproject", "cartproject\cartproject.csproj", "{83C7E6D3-4438-42DA-AC7B-0956831B2B1D}"
EndProject
Project("{FAE04EC0-301F-11D3-BF4B-00C04F79EFBC}") = "user", "user\user.csproj", "{B5C4B54B-0401-416B-9D21-67E53184E087}"
EndProject
Project("{FAE04EC0-301F-11D3-BF4B-00C04F79EFBC}") = "Build01", "Build01\Build01.csproj", "{73D7F2AC-08BE-4CC1-B42B-FE15349111B2}"
EndProject
Project("{FAE04EC0-301F-11D3-BF4B-00C04F79EFBC}") = "test", "test\test.csproj", "{1A2D396C-F99A-4BEC-97A2-C742FA95607E}"
EndProject
Global
	GlobalSection(SolutionConfigurationPlatforms) = preSolution
		Debug|Any CPU = Debug|Any CPU
		Release|Any CPU = Release|Any CPU
	EndGlobalSection
	GlobalSection(ProjectConfigurationPlatforms) = postSolution
		{83C7E6D3-4438-42DA-AC7B-0956831B2B1D}.Debug|Any CPU.ActiveCfg = Debug|Any CPU
		{83C7E6D3-4438-42DA-AC7B-0956831B2B1D}.Debug|Any CPU.Build.0 = Debug|Any CPU
		{83C7E6D3-4438-42DA-AC7B-0956831B2B1D}.Release|Any CPU.ActiveCfg = Release|Any CPU
		{83C7E6D3-4438-42DA-AC7B-0956831B2B1D}.Release|Any CPU.Build.0 = Release|Any CPU
		{B5C4B54B-0401-416B-9D21-67E53184E087}.Debug|Any CPU.ActiveCfg = Debug|Any CPU
		{B5C4B54B-0401-416B-9D21-67E53184E087}.Debug|Any CPU.Build.0 = Debug|Any CPU
		{B5C4B54B-0401-416B-9D21-67E53184E087}.Release|Any CPU.ActiveCfg = Release|Any CPU
		{B5C4B54B-0401-416B-9D21-67E53184E087}.Release|Any CPU.Build.0 = Release|Any CPU
		{73D7F2AC-08BE-4CC1-B42B-FE15349111B2}.Debug|Any CPU.ActiveCfg = Debug|Any CPU
		{73D7F2AC-08BE-4CC1-B42B-FE15349111B2}.Debug|Any CPU.Build.0 = Debug|Any CPU
		{73D7F2AC-08BE-4CC1-B42B-FE15349111B2}.Release|Any CPU.ActiveCfg = Release|Any CPU
		{73D7F2AC-08BE-4CC1-B42B-FE15349111B2}.Release|Any CPU.Build.0 = Release|Any CPU
		{1A2D396C-F99A-4BEC-97A2-C742FA95607E}.Debug|Any CPU.ActiveCfg = Debug|Any CPU
		{1A2D396C-F99A-4BEC-97A2-C742FA95607E}.Debug|Any CPU.Build.0 = Debug|Any CPU
		{1A2D396C-F99A-4BEC-97A2-C742FA95607E}.Release|Any CPU.ActiveCfg = Release|Any CPU
		{1A2D396C-F99A-4BEC-97A2-C742FA95607E}.Release|Any CPU.Build.0 = Release|Any CPU
	EndGlobalSection
	GlobalSection(SolutionProperties) = preSolution
		HideSolutionNode = FALSE
	EndGlobalSection
	GlobalSection(ExtensibilityGlobals) = postSolution
		SolutionGuid = {23D3351A-91F5-49ED-83EC-C5110506E4E7}
	EndGlobalSection
EndGlobal
